
Microsoft Visual Studio Solution File, Format Version 12.00
# Visual Studio Version 17
VisualStudioVersion = 17.11.35312.102
MinimumVisualStudioVersion = 10.0.40219.1
Project("{9A19103F-16F7-4668-BE54-9A1E7A4F7556}") = "EduCourseManagementAPI", "EduCourseManagementAPI\EduCourseManagementAPI.csproj", "{C1F1B509-E431-41E5-8D83-A7BAD07CD356}"
EndProject
Project("{FAE04EC0-301F-11D3-BF4B-00C04F79EFBC}") = "TestEduCourseManagement", "TestEduCourseManagement\TestEduCourseManagement.csproj", "{5569AB49-96FB-43D1-B62C-933245F7D232}"
EndProject
Global
	GlobalSection(SolutionConfigurationPlatforms) = preSolution
		Debug|Any CPU = Debug|Any CPU
		Release|Any CPU = Release|Any CPU
	EndGlobalSection
	GlobalSection(ProjectConfigurationPlatforms) = postSolution
		{C1F1B509-E431-41E5-8D83-A7BAD07CD356}.Debug|Any CPU.ActiveCfg = Debug|Any CPU
		{C1F1B509-E431-41E5-8D83-A7BAD07CD356}.Debug|Any CPU.Build.0 = Debug|Any CPU
		{C1F1B509-E431-41E5-8D83-A7BAD07CD356}.Release|Any CPU.ActiveCfg = Release|Any CPU
		{C1F1B509-E431-41E5-8D83-A7BAD07CD356}.Release|Any CPU.Build.0 = Release|Any CPU
		{5569AB49-96FB-43D1-B62C-933245F7D232}.Debug|Any CPU.ActiveCfg = Debug|Any CPU
		{5569AB49-96FB-43D1-B62C-933245F7D232}.Debug|Any CPU.Build.0 = Debug|Any CPU
		{5569AB49-96FB-43D1-B62C-933245F7D232}.Release|Any CPU.ActiveCfg = Release|Any CPU
		{5569AB49-96FB-43D1-B62C-933245F7D232}.Release|Any CPU.Build.0 = Release|Any CPU
	EndGlobalSection
	GlobalSection(SolutionProperties) = preSolution
		HideSolutionNode = FALSE
	EndGlobalSection
	GlobalSection(ExtensibilityGlobals) = postSolution
		SolutionGuid = {FAFEB844-38F9-4C8E-A51C-CD288B9D5B0E}
	EndGlobalSection
EndGlobal
